// !$*UTF8*$!
{
	archiveVersion = 1;
	classes = {
	};
	objectVersion = 46;
	objects = {

/* Begin PBXBuildFile section */
		6C66AB1EC3BB638940A1908D /* Pods_InternDemo.framework in Frameworks */ = {isa = PBXBuildFile; fileRef = 2024B1A67978F32B808194A6 /* Pods_InternDemo.framework */; };
		E105E59B1DF1D0F700681506 /* TokenProvider.swift in Sources */ = {isa = PBXBuildFile; fileRef = E105E59A1DF1D0F700681506 /* TokenProvider.swift */; };
		E10B329A1DF5A6BC005C06A5 /* UIImagePickerController+Rx.swift in Sources */ = {isa = PBXBuildFile; fileRef = E10B32991DF5A6BC005C06A5 /* UIImagePickerController+Rx.swift */; };
		E10B329C1DF5A6E9005C06A5 /* RxImagePickerDelegateProxy.swift in Sources */ = {isa = PBXBuildFile; fileRef = E10B329B1DF5A6E9005C06A5 /* RxImagePickerDelegateProxy.swift */; };
		E10B329E1DF5A714005C06A5 /* UIImagePickerController+RxCreate.swift in Sources */ = {isa = PBXBuildFile; fileRef = E10B329D1DF5A714005C06A5 /* UIImagePickerController+RxCreate.swift */; };
		E122E7F21DE86A090010E720 /* UIFont+CustomFonts.swift in Sources */ = {isa = PBXBuildFile; fileRef = E122E7F11DE86A090010E720 /* UIFont+CustomFonts.swift */; };
		E122F8571DEC4C210036B0B5 /* NetworkDataSource.swift in Sources */ = {isa = PBXBuildFile; fileRef = E122F8561DEC4C210036B0B5 /* NetworkDataSource.swift */; };
		E122F85B1DEC5A210036B0B5 /* TokenManager.swift in Sources */ = {isa = PBXBuildFile; fileRef = E122F85A1DEC5A210036B0B5 /* TokenManager.swift */; };
		E122F85D1DEC5B9D0036B0B5 /* APIRouter.swift in Sources */ = {isa = PBXBuildFile; fileRef = E122F85C1DEC5B9D0036B0B5 /* APIRouter.swift */; };
		E122F85F1DEC66EE0036B0B5 /* ConfigurationsManager.swift in Sources */ = {isa = PBXBuildFile; fileRef = E122F85E1DEC66EE0036B0B5 /* ConfigurationsManager.swift */; };
		E122F8611DECA2AB0036B0B5 /* Token.swift in Sources */ = {isa = PBXBuildFile; fileRef = E122F8601DECA2AB0036B0B5 /* Token.swift */; };
		E13063E41DE6FC7E002A942C /* MenuTableHeaderView.swift in Sources */ = {isa = PBXBuildFile; fileRef = E13063E31DE6FC7E002A942C /* MenuTableHeaderView.swift */; };
		E13063E71DE6FCFA002A942C /* Constants.swift in Sources */ = {isa = PBXBuildFile; fileRef = E13063E61DE6FCFA002A942C /* Constants.swift */; };
		E13063E91DE712B7002A942C /* MenuTableViewCell.swift in Sources */ = {isa = PBXBuildFile; fileRef = E13063E81DE712B7002A942C /* MenuTableViewCell.swift */; };
		E13063EB1DE71E51002A942C /* User.swift in Sources */ = {isa = PBXBuildFile; fileRef = E13063EA1DE71E51002A942C /* User.swift */; };
		E13063ED1DE71E59002A942C /* Post.swift in Sources */ = {isa = PBXBuildFile; fileRef = E13063EC1DE71E59002A942C /* Post.swift */; };
		E13063EF1DE72783002A942C /* ControllerManager.swift in Sources */ = {isa = PBXBuildFile; fileRef = E13063EE1DE72783002A942C /* ControllerManager.swift */; };
		E13063F11DE727A5002A942C /* LoginViewController.swift in Sources */ = {isa = PBXBuildFile; fileRef = E13063F01DE727A5002A942C /* LoginViewController.swift */; };
		E13063F31DE74A77002A942C /* UserManager.swift in Sources */ = {isa = PBXBuildFile; fileRef = E13063F21DE74A77002A942C /* UserManager.swift */; };
		E139E6E41DF03C9200F9D7A6 /* UIView+HelperMethods.swift in Sources */ = {isa = PBXBuildFile; fileRef = E139E6E31DF03C9200F9D7A6 /* UIView+HelperMethods.swift */; };
		E139E6E71DF0636700F9D7A6 /* SettingsViewController.swift in Sources */ = {isa = PBXBuildFile; fileRef = E139E6E61DF0636700F9D7A6 /* SettingsViewController.swift */; };
		E139E6E91DF08E4300F9D7A6 /* CreatePostViewController.swift in Sources */ = {isa = PBXBuildFile; fileRef = E139E6E81DF08E4300F9D7A6 /* CreatePostViewController.swift */; };
		E1B30DCC1DE49387002B678D /* BaseViewController.swift in Sources */ = {isa = PBXBuildFile; fileRef = E1B30DCB1DE49387002B678D /* BaseViewController.swift */; };
		E1B7A9A01DE33AFA00EBFEA5 /* AppDelegate.swift in Sources */ = {isa = PBXBuildFile; fileRef = E1B7A99F1DE33AFA00EBFEA5 /* AppDelegate.swift */; };
		E1B7A9A71DE33AFA00EBFEA5 /* Assets.xcassets in Resources */ = {isa = PBXBuildFile; fileRef = E1B7A9A61DE33AFA00EBFEA5 /* Assets.xcassets */; };
		E1D78E461DEEE78900DE0984 /* MenuItem.swift in Sources */ = {isa = PBXBuildFile; fileRef = E1D78E451DEEE78900DE0984 /* MenuItem.swift */; };
		E1D78E4B1DEEF62400DE0984 /* PostsViewController.swift in Sources */ = {isa = PBXBuildFile; fileRef = E1D78E4A1DEEF62400DE0984 /* PostsViewController.swift */; };
		E1D78E4D1DEEF6AA00DE0984 /* PostsPresenter.swift in Sources */ = {isa = PBXBuildFile; fileRef = E1D78E4C1DEEF6AA00DE0984 /* PostsPresenter.swift */; };
		E1D78E4F1DEF082400DE0984 /* PostCollectionViewCell.swift in Sources */ = {isa = PBXBuildFile; fileRef = E1D78E4E1DEF082400DE0984 /* PostCollectionViewCell.swift */; };
		E1D78E511DEF1D7D00DE0984 /* PostsProvider.swift in Sources */ = {isa = PBXBuildFile; fileRef = E1D78E501DEF1D7D00DE0984 /* PostsProvider.swift */; };
		E1EAA3F91DEDDBC9004FDA39 /* MenuViewController.swift in Sources */ = {isa = PBXBuildFile; fileRef = E1EAA3F81DEDDBC9004FDA39 /* MenuViewController.swift */; };
		E1EAA3FB1DEDDBDE004FDA39 /* MenuViewPresenter.swift in Sources */ = {isa = PBXBuildFile; fileRef = E1EAA3FA1DEDDBDE004FDA39 /* MenuViewPresenter.swift */; };
/* End PBXBuildFile section */

/* Begin PBXFileReference section */
		1A75AD2BF335ABD2CC99FC2C /* Pods-InternDemo.debug.xcconfig */ = {isa = PBXFileReference; includeInIndex = 1; lastKnownFileType = text.xcconfig; name = "Pods-InternDemo.debug.xcconfig"; path = "Pods/Target Support Files/Pods-InternDemo/Pods-InternDemo.debug.xcconfig"; sourceTree = "<group>"; };
		2024B1A67978F32B808194A6 /* Pods_InternDemo.framework */ = {isa = PBXFileReference; explicitFileType = wrapper.framework; includeInIndex = 0; path = Pods_InternDemo.framework; sourceTree = BUILT_PRODUCTS_DIR; };
		8A0AEFCC571C0B4B7C873F65 /* Pods-InternDemo.release.xcconfig */ = {isa = PBXFileReference; includeInIndex = 1; lastKnownFileType = text.xcconfig; name = "Pods-InternDemo.release.xcconfig"; path = "Pods/Target Support Files/Pods-InternDemo/Pods-InternDemo.release.xcconfig"; sourceTree = "<group>"; };
		E105E59A1DF1D0F700681506 /* TokenProvider.swift */ = {isa = PBXFileReference; fileEncoding = 4; lastKnownFileType = sourcecode.swift; path = TokenProvider.swift; sourceTree = "<group>"; };
		E10B32991DF5A6BC005C06A5 /* UIImagePickerController+Rx.swift */ = {isa = PBXFileReference; fileEncoding = 4; lastKnownFileType = sourcecode.swift; path = "UIImagePickerController+Rx.swift"; sourceTree = "<group>"; };
		E10B329B1DF5A6E9005C06A5 /* RxImagePickerDelegateProxy.swift */ = {isa = PBXFileReference; fileEncoding = 4; lastKnownFileType = sourcecode.swift; path = RxImagePickerDelegateProxy.swift; sourceTree = "<group>"; };
		E10B329D1DF5A714005C06A5 /* UIImagePickerController+RxCreate.swift */ = {isa = PBXFileReference; fileEncoding = 4; lastKnownFileType = sourcecode.swift; path = "UIImagePickerController+RxCreate.swift"; sourceTree = "<group>"; };
		E122E7F11DE86A090010E720 /* UIFont+CustomFonts.swift */ = {isa = PBXFileReference; fileEncoding = 4; lastKnownFileType = sourcecode.swift; path = "UIFont+CustomFonts.swift"; sourceTree = "<group>"; };
		E122F8561DEC4C210036B0B5 /* NetworkDataSource.swift */ = {isa = PBXFileReference; fileEncoding = 4; lastKnownFileType = sourcecode.swift; path = NetworkDataSource.swift; sourceTree = "<group>"; };
		E122F85A1DEC5A210036B0B5 /* TokenManager.swift */ = {isa = PBXFileReference; fileEncoding = 4; lastKnownFileType = sourcecode.swift; name = TokenManager.swift; path = ../Network/TokenManager.swift; sourceTree = "<group>"; };
		E122F85C1DEC5B9D0036B0B5 /* APIRouter.swift */ = {isa = PBXFileReference; fileEncoding = 4; lastKnownFileType = sourcecode.swift; path = APIRouter.swift; sourceTree = "<group>"; };
		E122F85E1DEC66EE0036B0B5 /* ConfigurationsManager.swift */ = {isa = PBXFileReference; fileEncoding = 4; lastKnownFileType = sourcecode.swift; path = ConfigurationsManager.swift; sourceTree = "<group>"; };
		E122F8601DECA2AB0036B0B5 /* Token.swift */ = {isa = PBXFileReference; fileEncoding = 4; lastKnownFileType = sourcecode.swift; path = Token.swift; sourceTree = "<group>"; };
		E13063E31DE6FC7E002A942C /* MenuTableHeaderView.swift */ = {isa = PBXFileReference; fileEncoding = 4; lastKnownFileType = sourcecode.swift; path = MenuTableHeaderView.swift; sourceTree = "<group>"; };
		E13063E61DE6FCFA002A942C /* Constants.swift */ = {isa = PBXFileReference; fileEncoding = 4; lastKnownFileType = sourcecode.swift; path = Constants.swift; sourceTree = "<group>"; };
		E13063E81DE712B7002A942C /* MenuTableViewCell.swift */ = {isa = PBXFileReference; fileEncoding = 4; lastKnownFileType = sourcecode.swift; path = MenuTableViewCell.swift; sourceTree = "<group>"; };
		E13063EA1DE71E51002A942C /* User.swift */ = {isa = PBXFileReference; fileEncoding = 4; lastKnownFileType = sourcecode.swift; path = User.swift; sourceTree = "<group>"; };
		E13063EC1DE71E59002A942C /* Post.swift */ = {isa = PBXFileReference; fileEncoding = 4; lastKnownFileType = sourcecode.swift; path = Post.swift; sourceTree = "<group>"; };
		E13063EE1DE72783002A942C /* ControllerManager.swift */ = {isa = PBXFileReference; fileEncoding = 4; lastKnownFileType = sourcecode.swift; path = ControllerManager.swift; sourceTree = "<group>"; };
		E13063F01DE727A5002A942C /* LoginViewController.swift */ = {isa = PBXFileReference; fileEncoding = 4; lastKnownFileType = sourcecode.swift; path = LoginViewController.swift; sourceTree = "<group>"; };
		E13063F21DE74A77002A942C /* UserManager.swift */ = {isa = PBXFileReference; fileEncoding = 4; lastKnownFileType = sourcecode.swift; path = UserManager.swift; sourceTree = "<group>"; };
		E139E6E31DF03C9200F9D7A6 /* UIView+HelperMethods.swift */ = {isa = PBXFileReference; fileEncoding = 4; lastKnownFileType = sourcecode.swift; path = "UIView+HelperMethods.swift"; sourceTree = "<group>"; };
		E139E6E61DF0636700F9D7A6 /* SettingsViewController.swift */ = {isa = PBXFileReference; fileEncoding = 4; lastKnownFileType = sourcecode.swift; path = SettingsViewController.swift; sourceTree = "<group>"; };
		E139E6E81DF08E4300F9D7A6 /* CreatePostViewController.swift */ = {isa = PBXFileReference; fileEncoding = 4; lastKnownFileType = sourcecode.swift; path = CreatePostViewController.swift; sourceTree = "<group>"; };
		E1B30DCB1DE49387002B678D /* BaseViewController.swift */ = {isa = PBXFileReference; fileEncoding = 4; lastKnownFileType = sourcecode.swift; path = BaseViewController.swift; sourceTree = "<group>"; };
		E1B7A99C1DE33AFA00EBFEA5 /* InternDemo.app */ = {isa = PBXFileReference; explicitFileType = wrapper.application; includeInIndex = 0; path = InternDemo.app; sourceTree = BUILT_PRODUCTS_DIR; };
		E1B7A99F1DE33AFA00EBFEA5 /* AppDelegate.swift */ = {isa = PBXFileReference; lastKnownFileType = sourcecode.swift; path = AppDelegate.swift; sourceTree = "<group>"; };
		E1B7A9A61DE33AFA00EBFEA5 /* Assets.xcassets */ = {isa = PBXFileReference; lastKnownFileType = folder.assetcatalog; path = Assets.xcassets; sourceTree = "<group>"; };
		E1B7A9AB1DE33AFA00EBFEA5 /* Info.plist */ = {isa = PBXFileReference; lastKnownFileType = text.plist.xml; path = Info.plist; sourceTree = "<group>"; };
		E1D78E451DEEE78900DE0984 /* MenuItem.swift */ = {isa = PBXFileReference; fileEncoding = 4; lastKnownFileType = sourcecode.swift; path = MenuItem.swift; sourceTree = "<group>"; };
		E1D78E4A1DEEF62400DE0984 /* PostsViewController.swift */ = {isa = PBXFileReference; fileEncoding = 4; lastKnownFileType = sourcecode.swift; path = PostsViewController.swift; sourceTree = "<group>"; };
		E1D78E4C1DEEF6AA00DE0984 /* PostsPresenter.swift */ = {isa = PBXFileReference; fileEncoding = 4; lastKnownFileType = sourcecode.swift; path = PostsPresenter.swift; sourceTree = "<group>"; };
		E1D78E4E1DEF082400DE0984 /* PostCollectionViewCell.swift */ = {isa = PBXFileReference; fileEncoding = 4; lastKnownFileType = sourcecode.swift; path = PostCollectionViewCell.swift; sourceTree = "<group>"; };
		E1D78E501DEF1D7D00DE0984 /* PostsProvider.swift */ = {isa = PBXFileReference; fileEncoding = 4; lastKnownFileType = sourcecode.swift; path = PostsProvider.swift; sourceTree = "<group>"; };
		E1EAA3F81DEDDBC9004FDA39 /* MenuViewController.swift */ = {isa = PBXFileReference; fileEncoding = 4; lastKnownFileType = sourcecode.swift; path = MenuViewController.swift; sourceTree = "<group>"; };
		E1EAA3FA1DEDDBDE004FDA39 /* MenuViewPresenter.swift */ = {isa = PBXFileReference; fileEncoding = 4; lastKnownFileType = sourcecode.swift; path = MenuViewPresenter.swift; sourceTree = "<group>"; };
/* End PBXFileReference section */

/* Begin PBXFrameworksBuildPhase section */
		E1B7A9991DE33AFA00EBFEA5 /* Frameworks */ = {
			isa = PBXFrameworksBuildPhase;
			buildActionMask = 2147483647;
			files = (
				6C66AB1EC3BB638940A1908D /* Pods_InternDemo.framework in Frameworks */,
			);
			runOnlyForDeploymentPostprocessing = 0;
		};
/* End PBXFrameworksBuildPhase section */

/* Begin PBXGroup section */
		4B34969C92D47BF20BCEA0EF /* Frameworks */ = {
			isa = PBXGroup;
			children = (
				2024B1A67978F32B808194A6 /* Pods_InternDemo.framework */,
			);
			name = Frameworks;
			sourceTree = "<group>";
		};
		B4904C20603F7E01D620CA0B /* Pods */ = {
			isa = PBXGroup;
			children = (
				1A75AD2BF335ABD2CC99FC2C /* Pods-InternDemo.debug.xcconfig */,
				8A0AEFCC571C0B4B7C873F65 /* Pods-InternDemo.release.xcconfig */,
			);
			name = Pods;
			sourceTree = "<group>";
		};
		E10B32981DF5A6BC005C06A5 /* RxSwiftExtensions */ = {
			isa = PBXGroup;
			children = (
				E10B32991DF5A6BC005C06A5 /* UIImagePickerController+Rx.swift */,
				E10B329B1DF5A6E9005C06A5 /* RxImagePickerDelegateProxy.swift */,
				E10B329D1DF5A714005C06A5 /* UIImagePickerController+RxCreate.swift */,
			);
			path = RxSwiftExtensions;
			sourceTree = "<group>";
		};
		E122E7F01DE869EB0010E720 /* Extensions */ = {
			isa = PBXGroup;
			children = (
				E122E7F11DE86A090010E720 /* UIFont+CustomFonts.swift */,
				E139E6E31DF03C9200F9D7A6 /* UIView+HelperMethods.swift */,
			);
			path = Extensions;
			sourceTree = "<group>";
		};
		E13063E51DE6FCE7002A942C /* Misc */ = {
			isa = PBXGroup;
			children = (
				E122E7F01DE869EB0010E720 /* Extensions */,
				E10B32981DF5A6BC005C06A5 /* RxSwiftExtensions */,
				E13063E61DE6FCFA002A942C /* Constants.swift */,
				E13063F21DE74A77002A942C /* UserManager.swift */,
				E122F85A1DEC5A210036B0B5 /* TokenManager.swift */,
				E13063EE1DE72783002A942C /* ControllerManager.swift */,
				E122F85E1DEC66EE0036B0B5 /* ConfigurationsManager.swift */,
			);
			path = Misc;
			sourceTree = "<group>";
		};
		E1B30DC31DE492D3002B678D /* Controllers */ = {
			isa = PBXGroup;
			children = (
				E1EAA3F71DEDDBC9004FDA39 /* Menu */,
				E1D78E491DEEF62400DE0984 /* Posts */,
				E1B30DCB1DE49387002B678D /* BaseViewController.swift */,
				E13063F01DE727A5002A942C /* LoginViewController.swift */,
				E139E6E61DF0636700F9D7A6 /* SettingsViewController.swift */,
			);
			path = Controllers;
			sourceTree = "<group>";
		};
		E1B30DC61DE492D3002B678D /* Models */ = {
			isa = PBXGroup;
			children = (
				E13063EA1DE71E51002A942C /* User.swift */,
				E13063EC1DE71E59002A942C /* Post.swift */,
				E122F8601DECA2AB0036B0B5 /* Token.swift */,
			);
			path = Models;
			sourceTree = "<group>";
		};
		E1B30DC71DE492D3002B678D /* Network */ = {
			isa = PBXGroup;
			children = (
				E122F8561DEC4C210036B0B5 /* NetworkDataSource.swift */,
				E122F85C1DEC5B9D0036B0B5 /* APIRouter.swift */,
				E1D78E501DEF1D7D00DE0984 /* PostsProvider.swift */,
				E105E59A1DF1D0F700681506 /* TokenProvider.swift */,
			);
			path = Network;
			sourceTree = "<group>";
		};
		E1B30DC81DE492D3002B678D /* Views */ = {
			isa = PBXGroup;
			children = (
				E13063E31DE6FC7E002A942C /* MenuTableHeaderView.swift */,
				E13063E81DE712B7002A942C /* MenuTableViewCell.swift */,
				E1D78E4E1DEF082400DE0984 /* PostCollectionViewCell.swift */,
			);
			path = Views;
			sourceTree = "<group>";
		};
		E1B7A9931DE33AFA00EBFEA5 = {
			isa = PBXGroup;
			children = (
				E1B7A99E1DE33AFA00EBFEA5 /* InternDemo */,
				E1B7A99D1DE33AFA00EBFEA5 /* Products */,
				B4904C20603F7E01D620CA0B /* Pods */,
				4B34969C92D47BF20BCEA0EF /* Frameworks */,
			);
			sourceTree = "<group>";
		};
		E1B7A99D1DE33AFA00EBFEA5 /* Products */ = {
			isa = PBXGroup;
			children = (
				E1B7A99C1DE33AFA00EBFEA5 /* InternDemo.app */,
			);
			name = Products;
			sourceTree = "<group>";
		};
		E1B7A99E1DE33AFA00EBFEA5 /* InternDemo */ = {
			isa = PBXGroup;
			children = (
				E1B7A99F1DE33AFA00EBFEA5 /* AppDelegate.swift */,
				E1B30DC61DE492D3002B678D /* Models */,
				E1B30DC71DE492D3002B678D /* Network */,
				E13063E51DE6FCE7002A942C /* Misc */,
				E1B30DC31DE492D3002B678D /* Controllers */,
				E1B30DC81DE492D3002B678D /* Views */,
				E1B7A9A61DE33AFA00EBFEA5 /* Assets.xcassets */,
				E1B7A9AB1DE33AFA00EBFEA5 /* Info.plist */,
			);
			path = InternDemo;
			sourceTree = "<group>";
		};
		E1D78E491DEEF62400DE0984 /* Posts */ = {
			isa = PBXGroup;
			children = (
				E1D78E4C1DEEF6AA00DE0984 /* PostsPresenter.swift */,
				E1D78E4A1DEEF62400DE0984 /* PostsViewController.swift */,
				E139E6E81DF08E4300F9D7A6 /* CreatePostViewController.swift */,
			);
			path = Posts;
			sourceTree = "<group>";
		};
		E1EAA3F71DEDDBC9004FDA39 /* Menu */ = {
			isa = PBXGroup;
			children = (
				E1D78E451DEEE78900DE0984 /* MenuItem.swift */,
				E1EAA3F81DEDDBC9004FDA39 /* MenuViewController.swift */,
				E1EAA3FA1DEDDBDE004FDA39 /* MenuViewPresenter.swift */,
			);
			path = Menu;
			sourceTree = "<group>";
		};
/* End PBXGroup section */

/* Begin PBXNativeTarget section */
		E1B7A99B1DE33AFA00EBFEA5 /* InternDemo */ = {
			isa = PBXNativeTarget;
			buildConfigurationList = E1B7A9AE1DE33AFA00EBFEA5 /* Build configuration list for PBXNativeTarget "InternDemo" */;
			buildPhases = (
				3969C4FD8F47DFA6F9F5EFE1 /* [CP] Check Pods Manifest.lock */,
				E1B7A9981DE33AFA00EBFEA5 /* Sources */,
				E1B7A9991DE33AFA00EBFEA5 /* Frameworks */,
				E1B7A99A1DE33AFA00EBFEA5 /* Resources */,
				3908F6E945F64EB6EF9C4297 /* [CP] Embed Pods Frameworks */,
				30541E745377BCD5E8F566A1 /* [CP] Copy Pods Resources */,
			);
			buildRules = (
			);
			dependencies = (
			);
			name = InternDemo;
			productName = InternDemo;
			productReference = E1B7A99C1DE33AFA00EBFEA5 /* InternDemo.app */;
			productType = "com.apple.product-type.application";
		};
/* End PBXNativeTarget section */

/* Begin PBXProject section */
		E1B7A9941DE33AFA00EBFEA5 /* Project object */ = {
			isa = PBXProject;
			attributes = {
				LastSwiftUpdateCheck = 0810;
				LastUpgradeCheck = 0810;
				ORGANIZATIONNAME = "WF | Mariana";
				TargetAttributes = {
					E1B7A99B1DE33AFA00EBFEA5 = {
						CreatedOnToolsVersion = 8.1;
						DevelopmentTeam = AUJF34YJA6;
						ProvisioningStyle = Automatic;
					};
				};
			};
			buildConfigurationList = E1B7A9971DE33AFA00EBFEA5 /* Build configuration list for PBXProject "InternDemo" */;
			compatibilityVersion = "Xcode 3.2";
			developmentRegion = English;
			hasScannedForEncodings = 0;
			knownRegions = (
				en,
				Base,
			);
			mainGroup = E1B7A9931DE33AFA00EBFEA5;
			productRefGroup = E1B7A99D1DE33AFA00EBFEA5 /* Products */;
			projectDirPath = "";
			projectRoot = "";
			targets = (
				E1B7A99B1DE33AFA00EBFEA5 /* InternDemo */,
			);
		};
/* End PBXProject section */

/* Begin PBXResourcesBuildPhase section */
		E1B7A99A1DE33AFA00EBFEA5 /* Resources */ = {
			isa = PBXResourcesBuildPhase;
			buildActionMask = 2147483647;
			files = (
				E1B7A9A71DE33AFA00EBFEA5 /* Assets.xcassets in Resources */,
			);
			runOnlyForDeploymentPostprocessing = 0;
		};
/* End PBXResourcesBuildPhase section */

/* Begin PBXShellScriptBuildPhase section */
		30541E745377BCD5E8F566A1 /* [CP] Copy Pods Resources */ = {
			isa = PBXShellScriptBuildPhase;
			buildActionMask = 2147483647;
			files = (
			);
			inputPaths = (
			);
			name = "[CP] Copy Pods Resources";
			outputPaths = (
			);
			runOnlyForDeploymentPostprocessing = 0;
			shellPath = /bin/sh;
			shellScript = "\"${SRCROOT}/Pods/Target Support Files/Pods-InternDemo/Pods-InternDemo-resources.sh\"\n";
			showEnvVarsInLog = 0;
		};
		3908F6E945F64EB6EF9C4297 /* [CP] Embed Pods Frameworks */ = {
			isa = PBXShellScriptBuildPhase;
			buildActionMask = 2147483647;
			files = (
			);
			inputPaths = (
			);
			name = "[CP] Embed Pods Frameworks";
			outputPaths = (
			);
			runOnlyForDeploymentPostprocessing = 0;
			shellPath = /bin/sh;
			shellScript = "\"${SRCROOT}/Pods/Target Support Files/Pods-InternDemo/Pods-InternDemo-frameworks.sh\"\n";
			showEnvVarsInLog = 0;
		};
		3969C4FD8F47DFA6F9F5EFE1 /* [CP] Check Pods Manifest.lock */ = {
			isa = PBXShellScriptBuildPhase;
			buildActionMask = 2147483647;
			files = (
			);
			inputPaths = (
			);
			name = "[CP] Check Pods Manifest.lock";
			outputPaths = (
			);
			runOnlyForDeploymentPostprocessing = 0;
			shellPath = /bin/sh;
			shellScript = "diff \"${PODS_ROOT}/../Podfile.lock\" \"${PODS_ROOT}/Manifest.lock\" > /dev/null\nif [ $? != 0 ] ; then\n    # print error to STDERR\n    echo \"error: The sandbox is not in sync with the Podfile.lock. Run 'pod install' or update your CocoaPods installation.\" >&2\n    exit 1\nfi\n";
			showEnvVarsInLog = 0;
		};
/* End PBXShellScriptBuildPhase section */

/* Begin PBXSourcesBuildPhase section */
		E1B7A9981DE33AFA00EBFEA5 /* Sources */ = {
			isa = PBXSourcesBuildPhase;
			buildActionMask = 2147483647;
			files = (
				E1D78E4B1DEEF62400DE0984 /* PostsViewController.swift in Sources */,
				E13063E41DE6FC7E002A942C /* MenuTableHeaderView.swift in Sources */,
				E10B329C1DF5A6E9005C06A5 /* RxImagePickerDelegateProxy.swift in Sources */,
				E10B329E1DF5A714005C06A5 /* UIImagePickerController+RxCreate.swift in Sources */,
				E10B329A1DF5A6BC005C06A5 /* UIImagePickerController+Rx.swift in Sources */,
				E122F8571DEC4C210036B0B5 /* NetworkDataSource.swift in Sources */,
				E13063E91DE712B7002A942C /* MenuTableViewCell.swift in Sources */,
				E1D78E4D1DEEF6AA00DE0984 /* PostsPresenter.swift in Sources */,
				E139E6E41DF03C9200F9D7A6 /* UIView+HelperMethods.swift in Sources */,
				E1B30DCC1DE49387002B678D /* BaseViewController.swift in Sources */,
				E122F85F1DEC66EE0036B0B5 /* ConfigurationsManager.swift in Sources */,
				E139E6E71DF0636700F9D7A6 /* SettingsViewController.swift in Sources */,
				E122F85D1DEC5B9D0036B0B5 /* APIRouter.swift in Sources */,
				E1D78E4F1DEF082400DE0984 /* PostCollectionViewCell.swift in Sources */,
				E13063EB1DE71E51002A942C /* User.swift in Sources */,
				E1EAA3FB1DEDDBDE004FDA39 /* MenuViewPresenter.swift in Sources */,
				E1D78E461DEEE78900DE0984 /* MenuItem.swift in Sources */,
				E139E6E91DF08E4300F9D7A6 /* CreatePostViewController.swift in Sources */,
				E13063EF1DE72783002A942C /* ControllerManager.swift in Sources */,
				E1D78E511DEF1D7D00DE0984 /* PostsProvider.swift in Sources */,
				E122F8611DECA2AB0036B0B5 /* Token.swift in Sources */,
				E122F85B1DEC5A210036B0B5 /* TokenManager.swift in Sources */,
				E13063F31DE74A77002A942C /* UserManager.swift in Sources */,
				E13063ED1DE71E59002A942C /* Post.swift in Sources */,
				E1EAA3F91DEDDBC9004FDA39 /* MenuViewController.swift in Sources */,
				E105E59B1DF1D0F700681506 /* TokenProvider.swift in Sources */,
				E122E7F21DE86A090010E720 /* UIFont+CustomFonts.swift in Sources */,
				E1B7A9A01DE33AFA00EBFEA5 /* AppDelegate.swift in Sources */,
				E13063E71DE6FCFA002A942C /* Constants.swift in Sources */,
				E13063F11DE727A5002A942C /* LoginViewController.swift in Sources */,
			);
			runOnlyForDeploymentPostprocessing = 0;
		};
/* End PBXSourcesBuildPhase section */

/* Begin XCBuildConfiguration section */
		E1B7A9AC1DE33AFA00EBFEA5 /* Debug */ = {
			isa = XCBuildConfiguration;
			buildSettings = {
				ALWAYS_SEARCH_USER_PATHS = NO;
				CLANG_ANALYZER_NONNULL = YES;
				CLANG_CXX_LANGUAGE_STANDARD = "gnu++0x";
				CLANG_CXX_LIBRARY = "libc++";
				CLANG_ENABLE_MODULES = YES;
				CLANG_ENABLE_OBJC_ARC = YES;
				CLANG_WARN_BOOL_CONVERSION = YES;
				CLANG_WARN_CONSTANT_CONVERSION = YES;
				CLANG_WARN_DIRECT_OBJC_ISA_USAGE = YES_ERROR;
				CLANG_WARN_DOCUMENTATION_COMMENTS = YES;
				CLANG_WARN_EMPTY_BODY = YES;
				CLANG_WARN_ENUM_CONVERSION = YES;
				CLANG_WARN_INFINITE_RECURSION = YES;
				CLANG_WARN_INT_CONVERSION = YES;
				CLANG_WARN_OBJC_ROOT_CLASS = YES_ERROR;
				CLANG_WARN_SUSPICIOUS_MOVES = YES;
				CLANG_WARN_UNREACHABLE_CODE = YES;
				CLANG_WARN__DUPLICATE_METHOD_MATCH = YES;
				CODE_SIGN_IDENTITY = "iPhone Developer: Mariana Ristovska (PDT29H726Y)";
				"CODE_SIGN_IDENTITY[sdk=iphoneos*]" = "iPhone Developer";
				COPY_PHASE_STRIP = NO;
				DEBUG_INFORMATION_FORMAT = dwarf;
				ENABLE_STRICT_OBJC_MSGSEND = YES;
				ENABLE_TESTABILITY = YES;
				GCC_C_LANGUAGE_STANDARD = gnu99;
				GCC_DYNAMIC_NO_PIC = NO;
				GCC_NO_COMMON_BLOCKS = YES;
				GCC_OPTIMIZATION_LEVEL = 0;
				GCC_PREPROCESSOR_DEFINITIONS = (
					"DEBUG=1",
					"$(inherited)",
				);
				GCC_WARN_64_TO_32_BIT_CONVERSION = YES;
				GCC_WARN_ABOUT_RETURN_TYPE = YES_ERROR;
				GCC_WARN_UNDECLARED_SELECTOR = YES;
				GCC_WARN_UNINITIALIZED_AUTOS = YES_AGGRESSIVE;
				GCC_WARN_UNUSED_FUNCTION = YES;
				GCC_WARN_UNUSED_VARIABLE = YES;
				IPHONEOS_DEPLOYMENT_TARGET = 8.0;
				MTL_ENABLE_DEBUG_INFO = YES;
				ONLY_ACTIVE_ARCH = YES;
				SDKROOT = iphoneos;
				SWIFT_ACTIVE_COMPILATION_CONDITIONS = DEBUG;
				SWIFT_OPTIMIZATION_LEVEL = "-Onone";
				TARGETED_DEVICE_FAMILY = "1,2";
			};
			name = Debug;
		};
		E1B7A9AD1DE33AFA00EBFEA5 /* Release */ = {
			isa = XCBuildConfiguration;
			buildSettings = {
				ALWAYS_SEARCH_USER_PATHS = NO;
				CLANG_ANALYZER_NONNULL = YES;
				CLANG_CXX_LANGUAGE_STANDARD = "gnu++0x";
				CLANG_CXX_LIBRARY = "libc++";
				CLANG_ENABLE_MODULES = YES;
				CLANG_ENABLE_OBJC_ARC = YES;
				CLANG_WARN_BOOL_CONVERSION = YES;
				CLANG_WARN_CONSTANT_CONVERSION = YES;
				CLANG_WARN_DIRECT_OBJC_ISA_USAGE = YES_ERROR;
				CLANG_WARN_DOCUMENTATION_COMMENTS = YES;
				CLANG_WARN_EMPTY_BODY = YES;
				CLANG_WARN_ENUM_CONVERSION = YES;
				CLANG_WARN_INFINITE_RECURSION = YES;
				CLANG_WARN_INT_CONVERSION = YES;
				CLANG_WARN_OBJC_ROOT_CLASS = YES_ERROR;
				CLANG_WARN_SUSPICIOUS_MOVES = YES;
				CLANG_WARN_UNREACHABLE_CODE = YES;
				CLANG_WARN__DUPLICATE_METHOD_MATCH = YES;
				CODE_SIGN_IDENTITY = "iPhone Developer: Mariana Ristovska (PDT29H726Y)";
				"CODE_SIGN_IDENTITY[sdk=iphoneos*]" = "iPhone Developer";
				COPY_PHASE_STRIP = NO;
				DEBUG_INFORMATION_FORMAT = "dwarf-with-dsym";
				ENABLE_NS_ASSERTIONS = NO;
				ENABLE_STRICT_OBJC_MSGSEND = YES;
				GCC_C_LANGUAGE_STANDARD = gnu99;
				GCC_NO_COMMON_BLOCKS = YES;
				GCC_WARN_64_TO_32_BIT_CONVERSION = YES;
				GCC_WARN_ABOUT_RETURN_TYPE = YES_ERROR;
				GCC_WARN_UNDECLARED_SELECTOR = YES;
				GCC_WARN_UNINITIALIZED_AUTOS = YES_AGGRESSIVE;
				GCC_WARN_UNUSED_FUNCTION = YES;
				GCC_WARN_UNUSED_VARIABLE = YES;
				IPHONEOS_DEPLOYMENT_TARGET = 8.0;
				MTL_ENABLE_DEBUG_INFO = NO;
				SDKROOT = iphoneos;
				SWIFT_OPTIMIZATION_LEVEL = "-Owholemodule";
				TARGETED_DEVICE_FAMILY = "1,2";
				VALIDATE_PRODUCT = YES;
			};
			name = Release;
		};
		E1B7A9AF1DE33AFA00EBFEA5 /* Debug */ = {
			isa = XCBuildConfiguration;
			baseConfigurationReference = 1A75AD2BF335ABD2CC99FC2C /* Pods-InternDemo.debug.xcconfig */;
			buildSettings = {
				ASSETCATALOG_COMPILER_APPICON_NAME = AppIcon;
				ASSETCATALOG_COMPILER_LAUNCHIMAGE_NAME = LaunchImage;
				DEVELOPMENT_TEAM = AUJF34YJA6;
				INFOPLIST_FILE = InternDemo/Info.plist;
				IPHONEOS_DEPLOYMENT_TARGET = 8.0;
				LD_RUNPATH_SEARCH_PATHS = "$(inherited) @executable_path/Frameworks";
				PRODUCT_BUNDLE_IDENTIFIER = ID.InternDemo;
				PRODUCT_NAME = "$(TARGET_NAME)";
				SWIFT_VERSION = 3.0;
				TARGETED_DEVICE_FAMILY = 1;
			};
			name = Debug;
		};
		E1B7A9B01DE33AFA00EBFEA5 /* Release */ = {
			isa = XCBuildConfiguration;
			baseConfigurationReference = 8A0AEFCC571C0B4B7C873F65 /* Pods-InternDemo.release.xcconfig */;
			buildSettings = {
				ASSETCATALOG_COMPILER_APPICON_NAME = AppIcon;
				ASSETCATALOG_COMPILER_LAUNCHIMAGE_NAME = LaunchImage;
				DEVELOPMENT_TEAM = AUJF34YJA6;
				INFOPLIST_FILE = InternDemo/Info.plist;
				IPHONEOS_DEPLOYMENT_TARGET = 8.0;
				LD_RUNPATH_SEARCH_PATHS = "$(inherited) @executable_path/Frameworks";
				PRODUCT_BUNDLE_IDENTIFIER = ID.InternDemo;
				PRODUCT_NAME = "$(TARGET_NAME)";
				SWIFT_VERSION = 3.0;
				TARGETED_DEVICE_FAMILY = 1;
			};
			name = Release;
		};
/* End XCBuildConfiguration section */

/* Begin XCConfigurationList section */
		E1B7A9971DE33AFA00EBFEA5 /* Build configuration list for PBXProject "InternDemo" */ = {
			isa = XCConfigurationList;
			buildConfigurations = (
				E1B7A9AC1DE33AFA00EBFEA5 /* Debug */,
				E1B7A9AD1DE33AFA00EBFEA5 /* Release */,
			);
			defaultConfigurationIsVisible = 0;
			defaultConfigurationName = Release;
		};
		E1B7A9AE1DE33AFA00EBFEA5 /* Build configuration list for PBXNativeTarget "InternDemo" */ = {
			isa = XCConfigurationList;
			buildConfigurations = (
				E1B7A9AF1DE33AFA00EBFEA5 /* Debug */,
				E1B7A9B01DE33AFA00EBFEA5 /* Release */,
			);
			defaultConfigurationIsVisible = 0;
			defaultConfigurationName = Release;
		};
/* End XCConfigurationList section */
	};
	rootObject = E1B7A9941DE33AFA00EBFEA5 /* Project object */;
}
